
Microsoft Visual Studio Solution File, Format Version 12.00
# Visual Studio Version 17
VisualStudioVersion = 17.0.31903.59
MinimumVisualStudioVersion = 10.0.40219.1
Project("{9A19103F-16F7-4668-BE54-9A1E7A4F7556}") = "PayrollManagement.Back.Api", "PayrollManagement.Back.Api\PayrollManagement.Back.Api.csproj", "{3BDAEF2C-F661-4E46-A07B-8A31A7F15D7F}"
EndProject
Project("{9A19103F-16F7-4668-BE54-9A1E7A4F7556}") = "PayrollManagement.Back.Infraestructure", "PayrollManagement.Back.Infraestructure\PayrollManagement.Back.Infraestructure.csproj", "{E7A7133A-722D-45AA-85DD-03D26F8D1C7F}"
EndProject
Project("{9A19103F-16F7-4668-BE54-9A1E7A4F7556}") = "PayrollManagement.Back.Business", "PayrollManagement.Back.Business\PayrollManagement.Back.Business.csproj", "{C8474732-49A4-4CAD-A608-7786C0AF55EA}"
EndProject
Project("{E53339B2-1760-4266-BCC7-CA923CBCF16C}") = "docker-compose", "docker-compose.dcproj", "{F8F806C1-4806-4B56-AAE5-3BE72FD9B291}"
EndProject
Global
	GlobalSection(SolutionConfigurationPlatforms) = preSolution
		Debug|Any CPU = Debug|Any CPU
		Release|Any CPU = Release|Any CPU
	EndGlobalSection
	GlobalSection(ProjectConfigurationPlatforms) = postSolution
		{3BDAEF2C-F661-4E46-A07B-8A31A7F15D7F}.Debug|Any CPU.ActiveCfg = Debug|Any CPU
		{3BDAEF2C-F661-4E46-A07B-8A31A7F15D7F}.Debug|Any CPU.Build.0 = Debug|Any CPU
		{3BDAEF2C-F661-4E46-A07B-8A31A7F15D7F}.Release|Any CPU.ActiveCfg = Release|Any CPU
		{3BDAEF2C-F661-4E46-A07B-8A31A7F15D7F}.Release|Any CPU.Build.0 = Release|Any CPU
		{E7A7133A-722D-45AA-85DD-03D26F8D1C7F}.Debug|Any CPU.ActiveCfg = Debug|Any CPU
		{E7A7133A-722D-45AA-85DD-03D26F8D1C7F}.Debug|Any CPU.Build.0 = Debug|Any CPU
		{E7A7133A-722D-45AA-85DD-03D26F8D1C7F}.Release|Any CPU.ActiveCfg = Release|Any CPU
		{E7A7133A-722D-45AA-85DD-03D26F8D1C7F}.Release|Any CPU.Build.0 = Release|Any CPU
		{C8474732-49A4-4CAD-A608-7786C0AF55EA}.Debug|Any CPU.ActiveCfg = Debug|Any CPU
		{C8474732-49A4-4CAD-A608-7786C0AF55EA}.Debug|Any CPU.Build.0 = Debug|Any CPU
		{C8474732-49A4-4CAD-A608-7786C0AF55EA}.Release|Any CPU.ActiveCfg = Release|Any CPU
		{C8474732-49A4-4CAD-A608-7786C0AF55EA}.Release|Any CPU.Build.0 = Release|Any CPU
		{F8F806C1-4806-4B56-AAE5-3BE72FD9B291}.Debug|Any CPU.ActiveCfg = Debug|Any CPU
		{F8F806C1-4806-4B56-AAE5-3BE72FD9B291}.Debug|Any CPU.Build.0 = Debug|Any CPU
		{F8F806C1-4806-4B56-AAE5-3BE72FD9B291}.Release|Any CPU.ActiveCfg = Release|Any CPU
		{F8F806C1-4806-4B56-AAE5-3BE72FD9B291}.Release|Any CPU.Build.0 = Release|Any CPU
	EndGlobalSection
	GlobalSection(SolutionProperties) = preSolution
		HideSolutionNode = FALSE
	EndGlobalSection
	GlobalSection(ExtensibilityGlobals) = postSolution
		SolutionGuid = {87A45CE8-6E09-4247-A305-4124C06D3487}
	EndGlobalSection
EndGlobal
